
Microsoft Visual Studio Solution File, Format Version 12.00
# Visual Studio Version 16
VisualStudioVersion = 16.0.30002.166
MinimumVisualStudioVersion = 10.0.40219.1
Project("{9A19103F-16F7-4668-BE54-9A1E7A4F7556}") = "GoogleMaps.LocationServices", "GoogleMaps.LocationServices\GoogleMaps.LocationServices.csproj", "{01062D14-EF36-4F7B-A642-42483B951D1C}"
EndProject
Project("{9A19103F-16F7-4668-BE54-9A1E7A4F7556}") = "GoogleMaps.LocationServices.Demo", "GoogleMaps.LocationServices.Demo\GoogleMaps.LocationServices.Demo.csproj", "{BC03BE0A-FBDF-423B-9288-50A01F6ACC96}"
EndProject
Project("{2150E333-8FDC-42A3-9474-1A3956D46DE8}") = "Solution Items", "Solution Items", "{071B6ABC-BD22-41BE-BDB6-7655B57D2166}"
	ProjectSection(SolutionItems) = preProject
		.gitignore = .gitignore
		README.md = README.md
	EndProjectSection
EndProject
Global
	GlobalSection(SolutionConfigurationPlatforms) = preSolution
		Debug|Any CPU = Debug|Any CPU
		Release|Any CPU = Release|Any CPU
	EndGlobalSection
	GlobalSection(ProjectConfigurationPlatforms) = postSolution
		{01062D14-EF36-4F7B-A642-42483B951D1C}.Debug|Any CPU.ActiveCfg = Debug|Any CPU
		{01062D14-EF36-4F7B-A642-42483B951D1C}.Debug|Any CPU.Build.0 = Debug|Any CPU
		{01062D14-EF36-4F7B-A642-42483B951D1C}.Release|Any CPU.ActiveCfg = Release|Any CPU
		{01062D14-EF36-4F7B-A642-42483B951D1C}.Release|Any CPU.Build.0 = Release|Any CPU
		{BC03BE0A-FBDF-423B-9288-50A01F6ACC96}.Debug|Any CPU.ActiveCfg = Debug|Any CPU
		{BC03BE0A-FBDF-423B-9288-50A01F6ACC96}.Debug|Any CPU.Build.0 = Debug|Any CPU
		{BC03BE0A-FBDF-423B-9288-50A01F6ACC96}.Release|Any CPU.ActiveCfg = Release|Any CPU
		{BC03BE0A-FBDF-423B-9288-50A01F6ACC96}.Release|Any CPU.Build.0 = Release|Any CPU
	EndGlobalSection
	GlobalSection(SolutionProperties) = preSolution
		HideSolutionNode = FALSE
	EndGlobalSection
	GlobalSection(ExtensibilityGlobals) = postSolution
		SolutionGuid = {556762BF-50BF-4E93-BF91-FD65DD62CE2D}
	EndGlobalSection
EndGlobal
