
Microsoft Visual Studio Solution File, Format Version 12.00
# Visual Studio 2013
VisualStudioVersion = 12.0.31101.0
MinimumVisualStudioVersion = 10.0.40219.1
Project("{2150E333-8FDC-42A3-9474-1A3956D46DE8}") = ".nuget", ".nuget", "{C0FF28E6-8A34-4C47-BCC7-D001DB0B9A66}"
	ProjectSection(SolutionItems) = preProject
		.nuget\NuGet.exe = .nuget\NuGet.exe
		.nuget\NuGet.targets = .nuget\NuGet.targets
	EndProjectSection
EndProject
Project("{FAE04EC0-301F-11D3-BF4B-00C04F79EFBC}") = "GoogleMaps.LocationServices", "GoogleMaps.LocationServices\GoogleMaps.LocationServices.csproj", "{2C8E82BE-4562-4BD8-806E-2ABC806FF2B3}"
EndProject
Project("{FAE04EC0-301F-11D3-BF4B-00C04F79EFBC}") = "GoogleMaps.LocationServices.Console", "GoogleMaps.LocationServices.Console\GoogleMaps.LocationServices.Console.csproj", "{FC26D040-F771-4F57-9FBE-7373C1E8CB41}"
EndProject
Project("{2150E333-8FDC-42A3-9474-1A3956D46DE8}") = "Solution Items", "Solution Items", "{EE144BDC-AA44-4A0A-BDB8-B3D3D6428DB3}"
	ProjectSection(SolutionItems) = preProject
		README.md = README.md
	EndProjectSection
EndProject
Global
	GlobalSection(SolutionConfigurationPlatforms) = preSolution
		Debug|Any CPU = Debug|Any CPU
		Release|Any CPU = Release|Any CPU
	EndGlobalSection
	GlobalSection(ProjectConfigurationPlatforms) = postSolution
		{2C8E82BE-4562-4BD8-806E-2ABC806FF2B3}.Debug|Any CPU.ActiveCfg = Debug|Any CPU
		{2C8E82BE-4562-4BD8-806E-2ABC806FF2B3}.Debug|Any CPU.Build.0 = Debug|Any CPU
		{2C8E82BE-4562-4BD8-806E-2ABC806FF2B3}.Release|Any CPU.ActiveCfg = Release|Any CPU
		{2C8E82BE-4562-4BD8-806E-2ABC806FF2B3}.Release|Any CPU.Build.0 = Release|Any CPU
		{FC26D040-F771-4F57-9FBE-7373C1E8CB41}.Debug|Any CPU.ActiveCfg = Debug|Any CPU
		{FC26D040-F771-4F57-9FBE-7373C1E8CB41}.Debug|Any CPU.Build.0 = Debug|Any CPU
		{FC26D040-F771-4F57-9FBE-7373C1E8CB41}.Release|Any CPU.ActiveCfg = Release|Any CPU
		{FC26D040-F771-4F57-9FBE-7373C1E8CB41}.Release|Any CPU.Build.0 = Release|Any CPU
	EndGlobalSection
	GlobalSection(SolutionProperties) = preSolution
		HideSolutionNode = FALSE
	EndGlobalSection
EndGlobal
